
Microsoft Visual Studio Solution File, Format Version 12.00
Project("{FAE04EC0-301F-11D3-BF4B-00C04F79EFBC}") = "Lab_03", "Lab_03.csproj", "{B155493C-B68D-4524-8218-B4C7DC650526}"
EndProject
Global
	GlobalSection(SolutionConfigurationPlatforms) = preSolution
		Debug|Any CPU = Debug|Any CPU
		Release|Any CPU = Release|Any CPU
	EndGlobalSection
	GlobalSection(ProjectConfigurationPlatforms) = postSolution
		{B155493C-B68D-4524-8218-B4C7DC650526}.Debug|Any CPU.ActiveCfg = Debug|Any CPU
		{B155493C-B68D-4524-8218-B4C7DC650526}.Debug|Any CPU.Build.0 = Debug|Any CPU
		{B155493C-B68D-4524-8218-B4C7DC650526}.Release|Any CPU.ActiveCfg = Release|Any CPU
		{B155493C-B68D-4524-8218-B4C7DC650526}.Release|Any CPU.Build.0 = Release|Any CPU
	EndGlobalSection
EndGlobal
