
Microsoft Visual Studio Solution File, Format Version 12.00
Project("{FAE04EC0-301F-11D3-BF4B-00C04F79EFBC}") = "Lab_06_homework_01", "Lab_06_homework_01.csproj", "{91ED670D-2529-486C-92C0-B866FBAE60AF}"
EndProject
Global
	GlobalSection(SolutionConfigurationPlatforms) = preSolution
		Debug|Any CPU = Debug|Any CPU
		Release|Any CPU = Release|Any CPU
	EndGlobalSection
	GlobalSection(ProjectConfigurationPlatforms) = postSolution
		{91ED670D-2529-486C-92C0-B866FBAE60AF}.Debug|Any CPU.ActiveCfg = Debug|Any CPU
		{91ED670D-2529-486C-92C0-B866FBAE60AF}.Debug|Any CPU.Build.0 = Debug|Any CPU
		{91ED670D-2529-486C-92C0-B866FBAE60AF}.Release|Any CPU.ActiveCfg = Release|Any CPU
		{91ED670D-2529-486C-92C0-B866FBAE60AF}.Release|Any CPU.Build.0 = Release|Any CPU
	EndGlobalSection
EndGlobal
